github.com/adobe/hugo-spectrum v1.3.5 h1:WtobFyRjPj5mz1N2y+XqmBW/sqWOuwY0QQ2RVO79Abo=
github.com/adobe/hugo-spectrum v1.3.5/go.mod h1:jUgwuF8/CILUKnE7rLrAHG1eWVKso0TpNY7ys82e0OY=
github.com/adobe/hugo-spectrum v1.3.6 h1:1lhvuOmnzx3UiBSFuVpnzOVdLT7GxprlBzWS0syVciI=
github.com/adobe/hugo-spectrum v1.3.6/go.mod h1:jUgwuF8/CILUKnE7rLrAHG1eWVKso0TpNY7ys82e0OY=
github.com/adobe/hugo-spectrum v1.4.0 h1:TbzYzK4QFJE8sicIU42xDcf1xuzi7fBEyJA9pSX3h+Q=
github.com/adobe/hugo-spectrum v1.4.0/go.mod h1:jUgwuF8/CILUKnE7rLrAHG1eWVKso0TpNY7ys82e0OY=
